
Microsoft Visual Studio Solution File, Format Version 12.00
# Visual Studio Version 16
VisualStudioVersion = 16.0.31129.286
MinimumVisualStudioVersion = 10.0.40219.1
Project("{FAE04EC0-301F-11D3-BF4B-00C04F79EFBC}") = "WebStoreApi", "WebStoreApi\WebStoreApi.csproj", "{42F86F04-55A2-4D20-AB27-075CEC833A4A}"
EndProject
Project("{FAE04EC0-301F-11D3-BF4B-00C04F79EFBC}") = "Core", "Core\Core.csproj", "{9AECFC6F-0D9E-4D8D-B4E4-541EEC5C589E}"
EndProject
Project("{FAE04EC0-301F-11D3-BF4B-00C04F79EFBC}") = "Infrastructure", "Infrastructure\Infrastructure.csproj", "{EC1756A3-6C85-4F82-80B1-2C26870141F8}"
EndProject
Global
	GlobalSection(SolutionConfigurationPlatforms) = preSolution
		Debug|Any CPU = Debug|Any CPU
		Release|Any CPU = Release|Any CPU
	EndGlobalSection
	GlobalSection(ProjectConfigurationPlatforms) = postSolution
		{42F86F04-55A2-4D20-AB27-075CEC833A4A}.Debug|Any CPU.ActiveCfg = Debug|Any CPU
		{42F86F04-55A2-4D20-AB27-075CEC833A4A}.Debug|Any CPU.Build.0 = Debug|Any CPU
		{42F86F04-55A2-4D20-AB27-075CEC833A4A}.Release|Any CPU.ActiveCfg = Release|Any CPU
		{42F86F04-55A2-4D20-AB27-075CEC833A4A}.Release|Any CPU.Build.0 = Release|Any CPU
		{9AECFC6F-0D9E-4D8D-B4E4-541EEC5C589E}.Debug|Any CPU.ActiveCfg = Debug|Any CPU
		{9AECFC6F-0D9E-4D8D-B4E4-541EEC5C589E}.Debug|Any CPU.Build.0 = Debug|Any CPU
		{9AECFC6F-0D9E-4D8D-B4E4-541EEC5C589E}.Release|Any CPU.ActiveCfg = Release|Any CPU
		{9AECFC6F-0D9E-4D8D-B4E4-541EEC5C589E}.Release|Any CPU.Build.0 = Release|Any CPU
		{EC1756A3-6C85-4F82-80B1-2C26870141F8}.Debug|Any CPU.ActiveCfg = Debug|Any CPU
		{EC1756A3-6C85-4F82-80B1-2C26870141F8}.Debug|Any CPU.Build.0 = Debug|Any CPU
		{EC1756A3-6C85-4F82-80B1-2C26870141F8}.Release|Any CPU.ActiveCfg = Release|Any CPU
		{EC1756A3-6C85-4F82-80B1-2C26870141F8}.Release|Any CPU.Build.0 = Release|Any CPU
	EndGlobalSection
	GlobalSection(SolutionProperties) = preSolution
		HideSolutionNode = FALSE
	EndGlobalSection
	GlobalSection(ExtensibilityGlobals) = postSolution
		SolutionGuid = {E4A0BD40-E522-4C99-9885-1D6FBB75217F}
	EndGlobalSection
EndGlobal
